
Microsoft Visual Studio Solution File, Format Version 12.00
Project("{FAE04EC0-301F-11D3-BF4B-00C04F79EFBC}") = "Yaapm.CLI", "Yaapm.CLI\Yaapm.CLI.csproj", "{BAA394EF-50F0-4C4F-AC28-45FB56D54072}"
EndProject
Project("{FAE04EC0-301F-11D3-BF4B-00C04F79EFBC}") = "Yaapm.RPC", "Yaapm.RPC\Yaapm.RPC.csproj", "{D96DF5F0-D91C-4AB6-A683-1F6385C65B55}"
EndProject
Project("{FAE04EC0-301F-11D3-BF4B-00C04F79EFBC}") = "Yaapm.DReS", "Yaapm.DReS\Yaapm.DReS.csproj", "{74BB54D2-3009-4A4F-890B-8CAA8656D21C}"
EndProject
Project("{FAE04EC0-301F-11D3-BF4B-00C04F79EFBC}") = "Yaapm.Database", "Yaapm.Database\Yaapm.Database.csproj", "{E504377A-366F-4B98-83EA-6CF7A337352B}"
EndProject
Project("{FAE04EC0-301F-11D3-BF4B-00C04F79EFBC}") = "Yaapm.Testing", "Yaapm.Testing\Yaapm.Testing.csproj", "{FA63DA01-973A-4C3B-9A50-8FE4F5455DEC}"
EndProject
Global
	GlobalSection(SolutionConfigurationPlatforms) = preSolution
		Debug|Any CPU = Debug|Any CPU
		Release|Any CPU = Release|Any CPU
	EndGlobalSection
	GlobalSection(ProjectConfigurationPlatforms) = postSolution
		{BAA394EF-50F0-4C4F-AC28-45FB56D54072}.Debug|Any CPU.ActiveCfg = Debug|Any CPU
		{BAA394EF-50F0-4C4F-AC28-45FB56D54072}.Debug|Any CPU.Build.0 = Debug|Any CPU
		{BAA394EF-50F0-4C4F-AC28-45FB56D54072}.Release|Any CPU.ActiveCfg = Release|Any CPU
		{BAA394EF-50F0-4C4F-AC28-45FB56D54072}.Release|Any CPU.Build.0 = Release|Any CPU
		{D96DF5F0-D91C-4AB6-A683-1F6385C65B55}.Debug|Any CPU.ActiveCfg = Debug|Any CPU
		{D96DF5F0-D91C-4AB6-A683-1F6385C65B55}.Debug|Any CPU.Build.0 = Debug|Any CPU
		{D96DF5F0-D91C-4AB6-A683-1F6385C65B55}.Release|Any CPU.ActiveCfg = Release|Any CPU
		{D96DF5F0-D91C-4AB6-A683-1F6385C65B55}.Release|Any CPU.Build.0 = Release|Any CPU
		{74BB54D2-3009-4A4F-890B-8CAA8656D21C}.Debug|Any CPU.ActiveCfg = Debug|Any CPU
		{74BB54D2-3009-4A4F-890B-8CAA8656D21C}.Debug|Any CPU.Build.0 = Debug|Any CPU
		{74BB54D2-3009-4A4F-890B-8CAA8656D21C}.Release|Any CPU.ActiveCfg = Release|Any CPU
		{74BB54D2-3009-4A4F-890B-8CAA8656D21C}.Release|Any CPU.Build.0 = Release|Any CPU
		{E504377A-366F-4B98-83EA-6CF7A337352B}.Debug|Any CPU.ActiveCfg = Debug|Any CPU
		{E504377A-366F-4B98-83EA-6CF7A337352B}.Debug|Any CPU.Build.0 = Debug|Any CPU
		{E504377A-366F-4B98-83EA-6CF7A337352B}.Release|Any CPU.ActiveCfg = Release|Any CPU
		{E504377A-366F-4B98-83EA-6CF7A337352B}.Release|Any CPU.Build.0 = Release|Any CPU
		{FA63DA01-973A-4C3B-9A50-8FE4F5455DEC}.Debug|Any CPU.ActiveCfg = Debug|Any CPU
		{FA63DA01-973A-4C3B-9A50-8FE4F5455DEC}.Debug|Any CPU.Build.0 = Debug|Any CPU
		{FA63DA01-973A-4C3B-9A50-8FE4F5455DEC}.Release|Any CPU.ActiveCfg = Release|Any CPU
		{FA63DA01-973A-4C3B-9A50-8FE4F5455DEC}.Release|Any CPU.Build.0 = Release|Any CPU
	EndGlobalSection
EndGlobal
